
Microsoft Visual Studio Solution File, Format Version 12.00
# Visual Studio Version 16
VisualStudioVersion = 16.0.32510.428
MinimumVisualStudioVersion = 10.0.40219.1
Project("{FAE04EC0-301F-11D3-BF4B-00C04F79EFBC}") = "EnKeyBoard", "KeyBoard\EnKeyBoard.csproj", "{8D850670-A5C7-4FB0-8CBD-9C18CE71A989}"
EndProject
Project("{54435603-DBB4-11D2-8724-00A0C9A8B90C}") = "Setup", "Setup\Setup.vdproj", "{D4B54CEB-A3EF-43B0-AE61-5FA0D53A82EB}"
EndProject
Global
	GlobalSection(SolutionConfigurationPlatforms) = preSolution
		Debug|Any CPU = Debug|Any CPU
		Release|Any CPU = Release|Any CPU
	EndGlobalSection
	GlobalSection(ProjectConfigurationPlatforms) = postSolution
		{8D850670-A5C7-4FB0-8CBD-9C18CE71A989}.Debug|Any CPU.ActiveCfg = Debug|Any CPU
		{8D850670-A5C7-4FB0-8CBD-9C18CE71A989}.Debug|Any CPU.Build.0 = Debug|Any CPU
		{8D850670-A5C7-4FB0-8CBD-9C18CE71A989}.Release|Any CPU.ActiveCfg = Release|Any CPU
		{8D850670-A5C7-4FB0-8CBD-9C18CE71A989}.Release|Any CPU.Build.0 = Release|Any CPU
		{D4B54CEB-A3EF-43B0-AE61-5FA0D53A82EB}.Debug|Any CPU.ActiveCfg = Debug
		{D4B54CEB-A3EF-43B0-AE61-5FA0D53A82EB}.Release|Any CPU.ActiveCfg = Release
	EndGlobalSection
	GlobalSection(SolutionProperties) = preSolution
		HideSolutionNode = FALSE
	EndGlobalSection
	GlobalSection(ExtensibilityGlobals) = postSolution
		SolutionGuid = {8ADA12A8-7AA2-4C82-A1D4-02EA1B405DD7}
	EndGlobalSection
EndGlobal
